version = 1
revision = 3
requires-python = ">=3.14"

[[package]]
name = "panadas"
version = "0.2"
source = { registry = "https://pypi.org/simple" }
sdist = { url = "https://files.pythonhosted.org/packages/dd/52/14554f1368a654cc94ac14daf91a7f70f007512c2e9dffaf8c023954de22/panadas-0.2.tar.gz", hash = "sha256:1aadda5c605388f07cf03ffd439e328ae51524850cb758cdfe7a7c09bda58406", size = 4463, upload-time = "2024-04-28T19:07:21.735Z" }
wheels = [
    { url = "https://files.pythonhosted.org/packages/15/40/e83a5d611c90a6ccc2605c58dba6cf27caa2cc2314e28778f5fb0f105ddd/panadas-0.2-py3-none-any.whl", hash = "sha256:ccd65415ed77170bc5c6d28fa1878852f0830fe24c825ba1ffb013913cfefb0c", size = 4893, upload-time = "2024-04-28T19:07:19.681Z" },
]

[[package]]
name = "panda"
version = "0.1.0"
source = { virtual = "." }
dependencies = [
    { name = "panadas" },
]

[package.metadata]
requires-dist = [{ name = "panadas", specifier = ">=0.2" }]
